
Microsoft Visual Studio Solution File, Format Version 12.00
# Visual Studio Version 16
VisualStudioVersion = 16.0.31702.278
MinimumVisualStudioVersion = 10.0.40219.1
Project("{9A19103F-16F7-4668-BE54-9A1E7A4F7556}") = "Lms.Web", "LMS.Web\Lms.Web.csproj", "{3789526D-6DCD-48C8-B7A9-623228179131}"
EndProject
Project("{9A19103F-16F7-4668-BE54-9A1E7A4F7556}") = "Lms.Core", "LMS.Core\Lms.Core.csproj", "{C7053A31-C98D-4005-B71F-4BF5733506A2}"
EndProject
Project("{9A19103F-16F7-4668-BE54-9A1E7A4F7556}") = "Lms.Data", "LMS.Data\Lms.Data.csproj", "{23851288-97D4-4D6D-9EF3-8BFB7C356BB7}"
EndProject
Project("{9A19103F-16F7-4668-BE54-9A1E7A4F7556}") = "LmsApi.Api", "LmsApi.Api\LmsApi.Api.csproj", "{86383B93-A04F-49C6-97E3-C9EF8950B3DB}"
EndProject
Project("{9A19103F-16F7-4668-BE54-9A1E7A4F7556}") = "LmsApi.Core", "LmsApi.Core\LmsApi.Core.csproj", "{FAA6E078-FA0F-4930-A87E-5BD8B93D358F}"
EndProject
Project("{9A19103F-16F7-4668-BE54-9A1E7A4F7556}") = "LmsApi.Data", "LmsApi.Data\LmsApi.Data.csproj", "{4333AD80-2563-4AD4-ABC3-36CB6D1408A7}"
EndProject
Global
	GlobalSection(SolutionConfigurationPlatforms) = preSolution
		Debug|Any CPU = Debug|Any CPU
		Release|Any CPU = Release|Any CPU
	EndGlobalSection
	GlobalSection(ProjectConfigurationPlatforms) = postSolution
		{3789526D-6DCD-48C8-B7A9-623228179131}.Debug|Any CPU.ActiveCfg = Debug|Any CPU
		{3789526D-6DCD-48C8-B7A9-623228179131}.Debug|Any CPU.Build.0 = Debug|Any CPU
		{3789526D-6DCD-48C8-B7A9-623228179131}.Release|Any CPU.ActiveCfg = Release|Any CPU
		{3789526D-6DCD-48C8-B7A9-623228179131}.Release|Any CPU.Build.0 = Release|Any CPU
		{C7053A31-C98D-4005-B71F-4BF5733506A2}.Debug|Any CPU.ActiveCfg = Debug|Any CPU
		{C7053A31-C98D-4005-B71F-4BF5733506A2}.Debug|Any CPU.Build.0 = Debug|Any CPU
		{C7053A31-C98D-4005-B71F-4BF5733506A2}.Release|Any CPU.ActiveCfg = Release|Any CPU
		{C7053A31-C98D-4005-B71F-4BF5733506A2}.Release|Any CPU.Build.0 = Release|Any CPU
		{23851288-97D4-4D6D-9EF3-8BFB7C356BB7}.Debug|Any CPU.ActiveCfg = Debug|Any CPU
		{23851288-97D4-4D6D-9EF3-8BFB7C356BB7}.Debug|Any CPU.Build.0 = Debug|Any CPU
		{23851288-97D4-4D6D-9EF3-8BFB7C356BB7}.Release|Any CPU.ActiveCfg = Release|Any CPU
		{23851288-97D4-4D6D-9EF3-8BFB7C356BB7}.Release|Any CPU.Build.0 = Release|Any CPU
		{86383B93-A04F-49C6-97E3-C9EF8950B3DB}.Debug|Any CPU.ActiveCfg = Debug|Any CPU
		{86383B93-A04F-49C6-97E3-C9EF8950B3DB}.Debug|Any CPU.Build.0 = Debug|Any CPU
		{86383B93-A04F-49C6-97E3-C9EF8950B3DB}.Release|Any CPU.ActiveCfg = Release|Any CPU
		{86383B93-A04F-49C6-97E3-C9EF8950B3DB}.Release|Any CPU.Build.0 = Release|Any CPU
		{FAA6E078-FA0F-4930-A87E-5BD8B93D358F}.Debug|Any CPU.ActiveCfg = Debug|Any CPU
		{FAA6E078-FA0F-4930-A87E-5BD8B93D358F}.Debug|Any CPU.Build.0 = Debug|Any CPU
		{FAA6E078-FA0F-4930-A87E-5BD8B93D358F}.Release|Any CPU.ActiveCfg = Release|Any CPU
		{FAA6E078-FA0F-4930-A87E-5BD8B93D358F}.Release|Any CPU.Build.0 = Release|Any CPU
		{4333AD80-2563-4AD4-ABC3-36CB6D1408A7}.Debug|Any CPU.ActiveCfg = Debug|Any CPU
		{4333AD80-2563-4AD4-ABC3-36CB6D1408A7}.Debug|Any CPU.Build.0 = Debug|Any CPU
		{4333AD80-2563-4AD4-ABC3-36CB6D1408A7}.Release|Any CPU.ActiveCfg = Release|Any CPU
		{4333AD80-2563-4AD4-ABC3-36CB6D1408A7}.Release|Any CPU.Build.0 = Release|Any CPU
	EndGlobalSection
	GlobalSection(SolutionProperties) = preSolution
		HideSolutionNode = FALSE
	EndGlobalSection
	GlobalSection(ExtensibilityGlobals) = postSolution
		SolutionGuid = {FB12EA3D-A11A-4789-86E9-AB0716E43153}
	EndGlobalSection
EndGlobal
